
Microsoft Visual Studio Solution File, Format Version 12.00
# Visual Studio 15
VisualStudioVersion = 15.0.28010.2019
MinimumVisualStudioVersion = 10.0.40219.1
Project("{FAE04EC0-301F-11D3-BF4B-00C04F79EFBC}") = "exPolymorhpine", "exPolymorhpine\exPolymorhpine.csproj", "{B1830007-FE6C-4C66-85C1-0730D2F698D8}"
EndProject
Global
	GlobalSection(SolutionConfigurationPlatforms) = preSolution
		Debug|Any CPU = Debug|Any CPU
		Release|Any CPU = Release|Any CPU
	EndGlobalSection
	GlobalSection(ProjectConfigurationPlatforms) = postSolution
		{B1830007-FE6C-4C66-85C1-0730D2F698D8}.Debug|Any CPU.ActiveCfg = Debug|Any CPU
		{B1830007-FE6C-4C66-85C1-0730D2F698D8}.Debug|Any CPU.Build.0 = Debug|Any CPU
		{B1830007-FE6C-4C66-85C1-0730D2F698D8}.Release|Any CPU.ActiveCfg = Release|Any CPU
		{B1830007-FE6C-4C66-85C1-0730D2F698D8}.Release|Any CPU.Build.0 = Release|Any CPU
	EndGlobalSection
	GlobalSection(SolutionProperties) = preSolution
		HideSolutionNode = FALSE
	EndGlobalSection
	GlobalSection(ExtensibilityGlobals) = postSolution
		SolutionGuid = {1B50349B-2473-4DC4-8E7E-DF1610DAE0BB}
	EndGlobalSection
EndGlobal
